
Microsoft Visual Studio Solution File, Format Version 12.00
# Visual Studio Version 17
VisualStudioVersion = 17.5.33530.505
MinimumVisualStudioVersion = 10.0.40219.1
Project("{9A19103F-16F7-4668-BE54-9A1E7A4F7556}") = "SokoBomber", "SokoBomber.csproj", "{C840ECEE-AC6B-4C27-98A3-D65DA76CFF99}"
EndProject
Project("{FAE04EC0-301F-11D3-BF4B-00C04F79EFBC}") = "BomberHub", "..\BomberHub\BomberHub.csproj", "{F7FD9233-4009-49D5-A179-68B887F72CF7}"
EndProject
Global
	GlobalSection(SolutionConfigurationPlatforms) = preSolution
		Debug|Any CPU = Debug|Any CPU
		Release|Any CPU = Release|Any CPU
	EndGlobalSection
	GlobalSection(ProjectConfigurationPlatforms) = postSolution
		{C840ECEE-AC6B-4C27-98A3-D65DA76CFF99}.Debug|Any CPU.ActiveCfg = Debug|Any CPU
		{C840ECEE-AC6B-4C27-98A3-D65DA76CFF99}.Debug|Any CPU.Build.0 = Debug|Any CPU
		{C840ECEE-AC6B-4C27-98A3-D65DA76CFF99}.Release|Any CPU.ActiveCfg = Release|Any CPU
		{C840ECEE-AC6B-4C27-98A3-D65DA76CFF99}.Release|Any CPU.Build.0 = Release|Any CPU
		{F7FD9233-4009-49D5-A179-68B887F72CF7}.Debug|Any CPU.ActiveCfg = Debug|Any CPU
		{F7FD9233-4009-49D5-A179-68B887F72CF7}.Debug|Any CPU.Build.0 = Debug|Any CPU
		{F7FD9233-4009-49D5-A179-68B887F72CF7}.Release|Any CPU.ActiveCfg = Release|Any CPU
		{F7FD9233-4009-49D5-A179-68B887F72CF7}.Release|Any CPU.Build.0 = Release|Any CPU
	EndGlobalSection
	GlobalSection(SolutionProperties) = preSolution
		HideSolutionNode = FALSE
	EndGlobalSection
	GlobalSection(ExtensibilityGlobals) = postSolution
		SolutionGuid = {6EEF61D2-375C-4F73-AAC9-64E95C065CD4}
	EndGlobalSection
EndGlobal
